
Microsoft Visual Studio Solution File, Format Version 12.00
# Visual Studio 15
Project("{FAE04EC0-301F-11D3-BF4B-00C04F79EFBC}") = "Assembly-CSharp", "Assembly-CSharp.csproj", "{3910F5E7-C049-205F-1E05-8554E8026B4A}"
EndProject
Project("{FAE04EC0-301F-11D3-BF4B-00C04F79EFBC}") = "Assembly-CSharp-Editor", "Assembly-CSharp-Editor.csproj", "{E91A717A-4E2C-5BE5-05E6-3D767F1297A5}"
EndProject
Global
	GlobalSection(SolutionConfigurationPlatforms) = preSolution
		Debug|Any CPU = Debug|Any CPU
		Release|Any CPU = Release|Any CPU
	EndGlobalSection
	GlobalSection(ProjectConfigurationPlatforms) = postSolution
		{3910F5E7-C049-205F-1E05-8554E8026B4A}.Debug|Any CPU.ActiveCfg = Debug|Any CPU
		{3910F5E7-C049-205F-1E05-8554E8026B4A}.Debug|Any CPU.Build.0 = Debug|Any CPU
		{3910F5E7-C049-205F-1E05-8554E8026B4A}.Release|Any CPU.ActiveCfg = Release|Any CPU
		{3910F5E7-C049-205F-1E05-8554E8026B4A}.Release|Any CPU.Build.0 = Release|Any CPU
		{E91A717A-4E2C-5BE5-05E6-3D767F1297A5}.Debug|Any CPU.ActiveCfg = Debug|Any CPU
		{E91A717A-4E2C-5BE5-05E6-3D767F1297A5}.Debug|Any CPU.Build.0 = Debug|Any CPU
		{E91A717A-4E2C-5BE5-05E6-3D767F1297A5}.Release|Any CPU.ActiveCfg = Release|Any CPU
		{E91A717A-4E2C-5BE5-05E6-3D767F1297A5}.Release|Any CPU.Build.0 = Release|Any CPU
	EndGlobalSection
	GlobalSection(SolutionProperties) = preSolution
		HideSolutionNode = FALSE
	EndGlobalSection
EndGlobal
